{
  "name": "docs",
  "version": "1.0.0",
  "lockfileVersion": 1,
  "requires": true,
  "dependencies": {
    "@vuepress/plugin-back-to-top": {
      "version": "1.3.0",
      "resolved": "https://registry.npmjs.org/@vuepress/plugin-back-to-top/-/plugin-back-to-top-1.3.0.tgz",
      "integrity": "sha512-YuJEYaxPRAJScoqiq4uEcqdVt+vBOpdTDhepxtmN0vDRatvOqwJctwi5xqHcII2ziB7ddhOsibk8fhYwc/42ww==",
      "dev": true,
      "requires": {
        "lodash.debounce": "^4.0.8"
      }
    },
    "@vuepress/plugin-nprogress": {
      "version": "1.3.0",
      "resolved": "https://registry.npmjs.org/@vuepress/plugin-nprogress/-/plugin-nprogress-1.3.0.tgz",
      "integrity": "sha512-PuBDAhaYLvwG63LamIc1fMk+s4kUqPuvNYKfZjQlF3LtXjlCMvd6YEQyogfB9cZnFOg1nryeHJwWoAdFvzw29Q==",
      "dev": true,
      "requires": {
        "nprogress": "^0.2.0"
      }
    },
    "lodash.debounce": {
      "version": "4.0.8",
      "resolved": "https://registry.npmjs.org/lodash.debounce/-/lodash.debounce-4.0.8.tgz",
      "integrity": "sha1-gteb/zCmfEAF/9XiUVMArZyk168=",
      "dev": true
    },
    "nprogress": {
      "version": "0.2.0",
      "resolved": "https://registry.npmjs.org/nprogress/-/nprogress-0.2.0.tgz",
      "integrity": "sha1-y480xTIT2JVyP8urkH6UIq28r7E=",
      "dev": true
    },
    "smoothscroll-polyfill": {
      "version": "0.4.4",
      "resolved": "https://registry.npmjs.org/smoothscroll-polyfill/-/smoothscroll-polyfill-0.4.4.tgz",
      "integrity": "sha512-TK5ZA9U5RqCwMpfoMq/l1mrH0JAR7y7KRvOBx0n2869aLxch+gT9GhN3yUfjiw+d/DiF1mKo14+hd62JyMmoBg==",
      "dev": true
    },
    "vuepress-plugin-smooth-scroll": {
      "version": "0.0.9",
      "resolved": "https://registry.npmjs.org/vuepress-plugin-smooth-scroll/-/vuepress-plugin-smooth-scroll-0.0.9.tgz",
      "integrity": "sha512-UXX+HLZO1NKVwyiOJlj0smh8F9dKnwybjEi7w/Mj9EYLhKrNYr5uXs+N+OTt8VwKCn3f0vZ1XAwFIjsPlD7GJA==",
      "dev": true,
      "requires": {
        "smoothscroll-polyfill": "^0.4.4"
      }
    }
  }
}
